
Microsoft Visual Studio Solution File, Format Version 12.00
# Visual Studio Version 17
VisualStudioVersion = 17.7.34031.279
MinimumVisualStudioVersion = 10.0.40219.1
Project("{9A19103F-16F7-4668-BE54-9A1E7A4F7556}") = "DumbellPlugin.View", "DumbellPlugin.View\DumbellPlugin.View.csproj", "{C07EE330-7FEF-4DA3-B0E1-82C0F5EDB347}"
EndProject
Project("{9A19103F-16F7-4668-BE54-9A1E7A4F7556}") = "DumbellPlugin.Model", "DumbellPlugin.Model\DumbellPlugin.Model.csproj", "{DFCDA3F1-53AF-4363-8644-8B7125090ECF}"
EndProject
Project("{9A19103F-16F7-4668-BE54-9A1E7A4F7556}") = "DumbellPlugin.Wrapper", "DumbellPlugin.Wrapper\DumbellPlugin.Wrapper.csproj", "{5971AB3C-EBF0-4B5A-8DD9-EF5FB8AC4447}"
EndProject
Project("{FAE04EC0-301F-11D3-BF4B-00C04F79EFBC}") = "DumbellPlugin.Tests", "DumbellPlugin.Tests\DumbellPlugin.Tests.csproj", "{835C682A-7232-4B89-9D3B-853F8F0E5A3D}"
EndProject
Global
	GlobalSection(SolutionConfigurationPlatforms) = preSolution
		Debug|Any CPU = Debug|Any CPU
		Release|Any CPU = Release|Any CPU
	EndGlobalSection
	GlobalSection(ProjectConfigurationPlatforms) = postSolution
		{C07EE330-7FEF-4DA3-B0E1-82C0F5EDB347}.Debug|Any CPU.ActiveCfg = Debug|Any CPU
		{C07EE330-7FEF-4DA3-B0E1-82C0F5EDB347}.Debug|Any CPU.Build.0 = Debug|Any CPU
		{C07EE330-7FEF-4DA3-B0E1-82C0F5EDB347}.Release|Any CPU.ActiveCfg = Release|Any CPU
		{C07EE330-7FEF-4DA3-B0E1-82C0F5EDB347}.Release|Any CPU.Build.0 = Release|Any CPU
		{DFCDA3F1-53AF-4363-8644-8B7125090ECF}.Debug|Any CPU.ActiveCfg = Debug|Any CPU
		{DFCDA3F1-53AF-4363-8644-8B7125090ECF}.Debug|Any CPU.Build.0 = Debug|Any CPU
		{DFCDA3F1-53AF-4363-8644-8B7125090ECF}.Release|Any CPU.ActiveCfg = Release|Any CPU
		{DFCDA3F1-53AF-4363-8644-8B7125090ECF}.Release|Any CPU.Build.0 = Release|Any CPU
		{5971AB3C-EBF0-4B5A-8DD9-EF5FB8AC4447}.Debug|Any CPU.ActiveCfg = Debug|Any CPU
		{5971AB3C-EBF0-4B5A-8DD9-EF5FB8AC4447}.Debug|Any CPU.Build.0 = Debug|Any CPU
		{5971AB3C-EBF0-4B5A-8DD9-EF5FB8AC4447}.Release|Any CPU.ActiveCfg = Release|Any CPU
		{5971AB3C-EBF0-4B5A-8DD9-EF5FB8AC4447}.Release|Any CPU.Build.0 = Release|Any CPU
		{835C682A-7232-4B89-9D3B-853F8F0E5A3D}.Debug|Any CPU.ActiveCfg = Debug|Any CPU
		{835C682A-7232-4B89-9D3B-853F8F0E5A3D}.Debug|Any CPU.Build.0 = Debug|Any CPU
		{835C682A-7232-4B89-9D3B-853F8F0E5A3D}.Release|Any CPU.ActiveCfg = Release|Any CPU
		{835C682A-7232-4B89-9D3B-853F8F0E5A3D}.Release|Any CPU.Build.0 = Release|Any CPU
	EndGlobalSection
	GlobalSection(SolutionProperties) = preSolution
		HideSolutionNode = FALSE
	EndGlobalSection
	GlobalSection(ExtensibilityGlobals) = postSolution
		SolutionGuid = {D2272358-EB4F-4F44-B2F7-C27502CC1CEE}
	EndGlobalSection
EndGlobal
